# This file is autogenerated, do not edit; changes may be undone by the next 'dep ensure'.


[[projects]]
  branch = "master"
  name = "github.com/davecgh/go-spew"
  packages = ["spew"]
  revision = "346938d642f2ec3594ed81d874461961cd0faa76"

[[projects]]
  branch = "master"
  name = "github.com/go-sql-driver/mysql"
  packages = ["."]
  revision = "56226343bd543f91a3930ed73ebdd03cfd633e85"

[[projects]]
  branch = "master"
  name = "github.com/gosimple/slug"
  packages = ["."]
  revision = "dfb5bc66af5ea2fadd6bd1a02ea9eca9bc25f14f"

[[projects]]
  branch = "master"
  name = "github.com/imega-teleport/xml2db"
  packages = ["commerceml"]
  revision = "6ccb2aa77b957df1685cd326600a8cf1ec820857"

[[projects]]
  branch = "master"
  name = "github.com/lann/builder"
  packages = ["."]
  revision = "f22ce00fd9394014049dad11c244859432bd6820"

[[projects]]
  branch = "master"
  name = "github.com/lann/ps"
  packages = ["."]
  revision = "62de8c46ede02a7675c4c79c84883eb164cb71e3"

[[projects]]
  branch = "master"
  name = "github.com/pmezard/go-difflib"
  packages = ["difflib"]
  revision = "792786c7400a136282c1664665ae0a8db921c6c2"

[[projects]]
  branch = "master"
  name = "github.com/rainycape/unidecode"
  packages = ["."]
  revision = "cb7f23ec59bec0d61b19c56cd88cee3d0cc1870c"

[[projects]]
  branch = "master"
  name = "github.com/stretchr/testify"
  packages = ["assert"]
  revision = "2402e8e7a02fc811447d11f881aa9746cdc57983"

[[projects]]
  branch = "v1"
  name = "gopkg.in/Masterminds/squirrel.v1"
  packages = ["."]
  revision = "20f192218cf52a73397fa2df45bdda720f3e47c8"

[solve-meta]
  analyzer-name = "dep"
  analyzer-version = 1
  inputs-digest = "1fbcc9b5bc05488129590b6c0376f9ec6509cdee5497461c6636986714560ae3"
  solver-name = "gps-cdcl"
  solver-version = 1
